// !$*UTF8*$!
{
	archiveVersion = 1;
	classes = {
	};
	objectVersion = 48;
	objects = {

/* Begin PBXBuildFile section */
		269E427D1FEA029900E51AFA /* AppDelegate.m in Sources */ = {isa = PBXBuildFile; fileRef = 269E427C1FEA029900E51AFA /* AppDelegate.m */; };
		269E42801FEA029900E51AFA /* ViewController.m in Sources */ = {isa = PBXBuildFile; fileRef = 269E427F1FEA029900E51AFA /* ViewController.m */; };
		269E42831FEA029900E51AFA /* Main.storyboard in Resources */ = {isa = PBXBuildFile; fileRef = 269E42811FEA029900E51AFA /* Main.storyboard */; };
		269E42851FEA029900E51AFA /* Assets.xcassets in Resources */ = {isa = PBXBuildFile; fileRef = 269E42841FEA029900E51AFA /* Assets.xcassets */; };
		269E42881FEA029900E51AFA /* LaunchScreen.storyboard in Resources */ = {isa = PBXBuildFile; fileRef = 269E42861FEA029900E51AFA /* LaunchScreen.storyboard */; };
		269E428B1FEA029900E51AFA /* main.m in Sources */ = {isa = PBXBuildFile; fileRef = 269E428A1FEA029900E51AFA /* main.m */; };
		269E42931FEA02AC00E51AFA /* StageCircleView.m in Sources */ = {isa = PBXBuildFile; fileRef = 269E42921FEA02AC00E51AFA /* StageCircleView.m */; };
/* End PBXBuildFile section */

/* Begin PBXFileReference section */
		269E42781FEA029900E51AFA /* StageCircleView.app */ = {isa = PBXFileReference; explicitFileType = wrapper.application; includeInIndex = 0; path = StageCircleView.app; sourceTree = BUILT_PRODUCTS_DIR; };
		269E427B1FEA029900E51AFA /* AppDelegate.h */ = {isa = PBXFileReference; lastKnownFileType = sourcecode.c.h; path = AppDelegate.h; sourceTree = "<group>"; };
		269E427C1FEA029900E51AFA /* AppDelegate.m */ = {isa = PBXFileReference; lastKnownFileType = sourcecode.c.objc; path = AppDelegate.m; sourceTree = "<group>"; };
		269E427E1FEA029900E51AFA /* ViewController.h */ = {isa = PBXFileReference; lastKnownFileType = sourcecode.c.h; path = ViewController.h; sourceTree = "<group>"; };
		269E427F1FEA029900E51AFA /* ViewController.m */ = {isa = PBXFileReference; lastKnownFileType = sourcecode.c.objc; path = ViewController.m; sourceTree = "<group>"; };
		269E42821FEA029900E51AFA /* Base */ = {isa = PBXFileReference; lastKnownFileType = file.storyboard; name = Base; path = Base.lproj/Main.storyboard; sourceTree = "<group>"; };
		269E42841FEA029900E51AFA /* Assets.xcassets */ = {isa = PBXFileReference; lastKnownFileType = folder.assetcatalog; path = Assets.xcassets; sourceTree = "<group>"; };
		269E42871FEA029900E51AFA /* Base */ = {isa = PBXFileReference; lastKnownFileType = file.storyboard; name = Base; path = Base.lproj/LaunchScreen.storyboard; sourceTree = "<group>"; };
		269E42891FEA029900E51AFA /* Info.plist */ = {isa = PBXFileReference; lastKnownFileType = text.plist.xml; path = Info.plist; sourceTree = "<group>"; };
		269E428A1FEA029900E51AFA /* main.m */ = {isa = PBXFileReference; lastKnownFileType = sourcecode.c.objc; path = main.m; sourceTree = "<group>"; };
		269E42911FEA02AC00E51AFA /* StageCircleView.h */ = {isa = PBXFileReference; fileEncoding = 4; lastKnownFileType = sourcecode.c.h; path = StageCircleView.h; sourceTree = "<group>"; };
		269E42921FEA02AC00E51AFA /* StageCircleView.m */ = {isa = PBXFileReference; fileEncoding = 4; lastKnownFileType = sourcecode.c.objc; path = StageCircleView.m; sourceTree = "<group>"; };
/* End PBXFileReference section */

/* Begin PBXFrameworksBuildPhase section */
		269E42751FEA029900E51AFA /* Frameworks */ = {
			isa = PBXFrameworksBuildPhase;
			buildActionMask = 2147483647;
			files = (
			);
			runOnlyForDeploymentPostprocessing = 0;
		};
/* End PBXFrameworksBuildPhase section */

/* Begin PBXGroup section */
		269E426F1FEA029900E51AFA = {
			isa = PBXGroup;
			children = (
				269E42941FEA02AE00E51AFA /* StageCircleView */,
				269E427A1FEA029900E51AFA /* StageCircleView */,
				269E42791FEA029900E51AFA /* Products */,
			);
			sourceTree = "<group>";
		};
		269E42791FEA029900E51AFA /* Products */ = {
			isa = PBXGroup;
			children = (
				269E42781FEA029900E51AFA /* StageCircleView.app */,
			);
			name = Products;
			sourceTree = "<group>";
		};
		269E427A1FEA029900E51AFA /* StageCircleView */ = {
			isa = PBXGroup;
			children = (
				269E427B1FEA029900E51AFA /* AppDelegate.h */,
				269E427C1FEA029900E51AFA /* AppDelegate.m */,
				269E427E1FEA029900E51AFA /* ViewController.h */,
				269E427F1FEA029900E51AFA /* ViewController.m */,
				269E42811FEA029900E51AFA /* Main.storyboard */,
				269E42841FEA029900E51AFA /* Assets.xcassets */,
				269E42861FEA029900E51AFA /* LaunchScreen.storyboard */,
				269E42891FEA029900E51AFA /* Info.plist */,
				269E428A1FEA029900E51AFA /* main.m */,
			);
			path = StageCircleView;
			sourceTree = "<group>";
		};
		269E42941FEA02AE00E51AFA /* StageCircleView */ = {
			isa = PBXGroup;
			children = (
				269E42911FEA02AC00E51AFA /* StageCircleView.h */,
				269E42921FEA02AC00E51AFA /* StageCircleView.m */,
			);
			name = StageCircleView;
			path = "New Group";
			sourceTree = "<group>";
		};
/* End PBXGroup section */

/* Begin PBXNativeTarget section */
		269E42771FEA029900E51AFA /* StageCircleView */ = {
			isa = PBXNativeTarget;
			buildConfigurationList = 269E428E1FEA029900E51AFA /* Build configuration list for PBXNativeTarget "StageCircleView" */;
			buildPhases = (
				269E42741FEA029900E51AFA /* Sources */,
				269E42751FEA029900E51AFA /* Frameworks */,
				269E42761FEA029900E51AFA /* Resources */,
			);
			buildRules = (
			);
			dependencies = (
			);
			name = StageCircleView;
			productName = StageCircleView;
			productReference = 269E42781FEA029900E51AFA /* StageCircleView.app */;
			productType = "com.apple.product-type.application";
		};
/* End PBXNativeTarget section */

/* Begin PBXProject section */
		269E42701FEA029900E51AFA /* Project object */ = {
			isa = PBXProject;
			attributes = {
				LastUpgradeCheck = 0920;
				ORGANIZATIONNAME = "王宗成";
				TargetAttributes = {
					269E42771FEA029900E51AFA = {
						CreatedOnToolsVersion = 9.2;
						ProvisioningStyle = Automatic;
					};
				};
			};
			buildConfigurationList = 269E42731FEA029900E51AFA /* Build configuration list for PBXProject "StageCircleView" */;
			compatibilityVersion = "Xcode 8.0";
			developmentRegion = en;
			hasScannedForEncodings = 0;
			knownRegions = (
				en,
				Base,
			);
			mainGroup = 269E426F1FEA029900E51AFA;
			productRefGroup = 269E42791FEA029900E51AFA /* Products */;
			projectDirPath = "";
			projectRoot = "";
			targets = (
				269E42771FEA029900E51AFA /* StageCircleView */,
			);
		};
/* End PBXProject section */

/* Begin PBXResourcesBuildPhase section */
		269E42761FEA029900E51AFA /* Resources */ = {
			isa = PBXResourcesBuildPhase;
			buildActionMask = 2147483647;
			files = (
				269E42881FEA029900E51AFA /* LaunchScreen.storyboard in Resources */,
				269E42851FEA029900E51AFA /* Assets.xcassets in Resources */,
				269E42831FEA029900E51AFA /* Main.storyboard in Resources */,
			);
			runOnlyForDeploymentPostprocessing = 0;
		};
/* End PBXResourcesBuildPhase section */

/* Begin PBXSourcesBuildPhase section */
		269E42741FEA029900E51AFA /* Sources */ = {
			isa = PBXSourcesBuildPhase;
			buildActionMask = 2147483647;
			files = (
				269E42801FEA029900E51AFA /* ViewController.m in Sources */,
				269E42931FEA02AC00E51AFA /* StageCircleView.m in Sources */,
				269E428B1FEA029900E51AFA /* main.m in Sources */,
				269E427D1FEA029900E51AFA /* AppDelegate.m in Sources */,
			);
			runOnlyForDeploymentPostprocessing = 0;
		};
/* End PBXSourcesBuildPhase section */

/* Begin PBXVariantGroup section */
		269E42811FEA029900E51AFA /* Main.storyboard */ = {
			isa = PBXVariantGroup;
			children = (
				269E42821FEA029900E51AFA /* Base */,
			);
			name = Main.storyboard;
			sourceTree = "<group>";
		};
		269E42861FEA029900E51AFA /* LaunchScreen.storyboard */ = {
			isa = PBXVariantGroup;
			children = (
				269E42871FEA029900E51AFA /* Base */,
			);
			name = LaunchScreen.storyboard;
			sourceTree = "<group>";
		};
/* End PBXVariantGroup section */

/* Begin XCBuildConfiguration section */
		269E428C1FEA029900E51AFA /* Debug */ = {
			isa = XCBuildConfiguration;
			buildSettings = {
				ALWAYS_SEARCH_USER_PATHS = NO;
				CLANG_ANALYZER_NONNULL = YES;
				CLANG_ANALYZER_NUMBER_OBJECT_CONVERSION = YES_AGGRESSIVE;
				CLANG_CXX_LANGUAGE_STANDARD = "gnu++14";
				CLANG_CXX_LIBRARY = "libc++";
				CLANG_ENABLE_MODULES = YES;
				CLANG_ENABLE_OBJC_ARC = YES;
				CLANG_WARN_BLOCK_CAPTURE_AUTORELEASING = YES;
				CLANG_WARN_BOOL_CONVERSION = YES;
				CLANG_WARN_COMMA = YES;
				CLANG_WARN_CONSTANT_CONVERSION = YES;
				CLANG_WARN_DIRECT_OBJC_ISA_USAGE = YES_ERROR;
				CLANG_WARN_DOCUMENTATION_COMMENTS = YES;
				CLANG_WARN_EMPTY_BODY = YES;
				CLANG_WARN_ENUM_CONVERSION = YES;
				CLANG_WARN_INFINITE_RECURSION = YES;
				CLANG_WARN_INT_CONVERSION = YES;
				CLANG_WARN_NON_LITERAL_NULL_CONVERSION = YES;
				CLANG_WARN_OBJC_LITERAL_CONVERSION = YES;
				CLANG_WARN_OBJC_ROOT_CLASS = YES_ERROR;
				CLANG_WARN_RANGE_LOOP_ANALYSIS = YES;
				CLANG_WARN_STRICT_PROTOTYPES = YES;
				CLANG_WARN_SUSPICIOUS_MOVE = YES;
				CLANG_WARN_UNGUARDED_AVAILABILITY = YES_AGGRESSIVE;
				CLANG_WARN_UNREACHABLE_CODE = YES;
				CLANG_WARN__DUPLICATE_METHOD_MATCH = YES;
				CODE_SIGN_IDENTITY = "iPhone Developer";
				COPY_PHASE_STRIP = NO;
				DEBUG_INFORMATION_FORMAT = dwarf;
				ENABLE_STRICT_OBJC_MSGSEND = YES;
				ENABLE_TESTABILITY = YES;
				GCC_C_LANGUAGE_STANDARD = gnu11;
				GCC_DYNAMIC_NO_PIC = NO;
				GCC_NO_COMMON_BLOCKS = YES;
				GCC_OPTIMIZATION_LEVEL = 0;
				GCC_PREPROCESSOR_DEFINITIONS = (
					"DEBUG=1",
					"$(inherited)",
				);
				GCC_WARN_64_TO_32_BIT_CONVERSION = YES;
				GCC_WARN_ABOUT_RETURN_TYPE = YES_ERROR;
				GCC_WARN_UNDECLARED_SELECTOR = YES;
				GCC_WARN_UNINITIALIZED_AUTOS = YES_AGGRESSIVE;
				GCC_WARN_UNUSED_FUNCTION = YES;
				GCC_WARN_UNUSED_VARIABLE = YES;
				IPHONEOS_DEPLOYMENT_TARGET = 11.2;
				MTL_ENABLE_DEBUG_INFO = YES;
				ONLY_ACTIVE_ARCH = YES;
				SDKROOT = iphoneos;
			};
			name = Debug;
		};
		269E428D1FEA029900E51AFA /* Release */ = {
			isa = XCBuildConfiguration;
			buildSettings = {
				ALWAYS_SEARCH_USER_PATHS = NO;
				CLANG_ANALYZER_NONNULL = YES;
				CLANG_ANALYZER_NUMBER_OBJECT_CONVERSION = YES_AGGRESSIVE;
				CLANG_CXX_LANGUAGE_STANDARD = "gnu++14";
				CLANG_CXX_LIBRARY = "libc++";
				CLANG_ENABLE_MODULES = YES;
				CLANG_ENABLE_OBJC_ARC = YES;
				CLANG_WARN_BLOCK_CAPTURE_AUTORELEASING = YES;
				CLANG_WARN_BOOL_CONVERSION = YES;
				CLANG_WARN_COMMA = YES;
				CLANG_WARN_CONSTANT_CONVERSION = YES;
				CLANG_WARN_DIRECT_OBJC_ISA_USAGE = YES_ERROR;
				CLANG_WARN_DOCUMENTATION_COMMENTS = YES;
				CLANG_WARN_EMPTY_BODY = YES;
				CLANG_WARN_ENUM_CONVERSION = YES;
				CLANG_WARN_INFINITE_RECURSION = YES;
				CLANG_WARN_INT_CONVERSION = YES;
				CLANG_WARN_NON_LITERAL_NULL_CONVERSION = YES;
				CLANG_WARN_OBJC_LITERAL_CONVERSION = YES;
				CLANG_WARN_OBJC_ROOT_CLASS = YES_ERROR;
				CLANG_WARN_RANGE_LOOP_ANALYSIS = YES;
				CLANG_WARN_STRICT_PROTOTYPES = YES;
				CLANG_WARN_SUSPICIOUS_MOVE = YES;
				CLANG_WARN_UNGUARDED_AVAILABILITY = YES_AGGRESSIVE;
				CLANG_WARN_UNREACHABLE_CODE = YES;
				CLANG_WARN__DUPLICATE_METHOD_MATCH = YES;
				CODE_SIGN_IDENTITY = "iPhone Developer";
				COPY_PHASE_STRIP = NO;
				DEBUG_INFORMATION_FORMAT = "dwarf-with-dsym";
				ENABLE_NS_ASSERTIONS = NO;
				ENABLE_STRICT_OBJC_MSGSEND = YES;
				GCC_C_LANGUAGE_STANDARD = gnu11;
				GCC_NO_COMMON_BLOCKS = YES;
				GCC_WARN_64_TO_32_BIT_CONVERSION = YES;
				GCC_WARN_ABOUT_RETURN_TYPE = YES_ERROR;
				GCC_WARN_UNDECLARED_SELECTOR = YES;
				GCC_WARN_UNINITIALIZED_AUTOS = YES_AGGRESSIVE;
				GCC_WARN_UNUSED_FUNCTION = YES;
				GCC_WARN_UNUSED_VARIABLE = YES;
				IPHONEOS_DEPLOYMENT_TARGET = 11.2;
				MTL_ENABLE_DEBUG_INFO = NO;
				SDKROOT = iphoneos;
				VALIDATE_PRODUCT = YES;
			};
			name = Release;
		};
		269E428F1FEA029900E51AFA /* Debug */ = {
			isa = XCBuildConfiguration;
			buildSettings = {
				ASSETCATALOG_COMPILER_APPICON_NAME = AppIcon;
				CODE_SIGN_STYLE = Automatic;
				DEVELOPMENT_TEAM = WZVNT4AWYH;
				INFOPLIST_FILE = StageCircleView/Info.plist;
				LD_RUNPATH_SEARCH_PATHS = "$(inherited) @executable_path/Frameworks";
				PRODUCT_BUNDLE_IDENTIFIER = "------.StageCircleView";
				PRODUCT_NAME = "$(TARGET_NAME)";
				TARGETED_DEVICE_FAMILY = "1,2";
			};
			name = Debug;
		};
		269E42901FEA029900E51AFA /* Release */ = {
			isa = XCBuildConfiguration;
			buildSettings = {
				ASSETCATALOG_COMPILER_APPICON_NAME = AppIcon;
				CODE_SIGN_STYLE = Automatic;
				DEVELOPMENT_TEAM = WZVNT4AWYH;
				INFOPLIST_FILE = StageCircleView/Info.plist;
				LD_RUNPATH_SEARCH_PATHS = "$(inherited) @executable_path/Frameworks";
				PRODUCT_BUNDLE_IDENTIFIER = "------.StageCircleView";
				PRODUCT_NAME = "$(TARGET_NAME)";
				TARGETED_DEVICE_FAMILY = "1,2";
			};
			name = Release;
		};
/* End XCBuildConfiguration section */

/* Begin XCConfigurationList section */
		269E42731FEA029900E51AFA /* Build configuration list for PBXProject "StageCircleView" */ = {
			isa = XCConfigurationList;
			buildConfigurations = (
				269E428C1FEA029900E51AFA /* Debug */,
				269E428D1FEA029900E51AFA /* Release */,
			);
			defaultConfigurationIsVisible = 0;
			defaultConfigurationName = Release;
		};
		269E428E1FEA029900E51AFA /* Build configuration list for PBXNativeTarget "StageCircleView" */ = {
			isa = XCConfigurationList;
			buildConfigurations = (
				269E428F1FEA029900E51AFA /* Debug */,
				269E42901FEA029900E51AFA /* Release */,
			);
			defaultConfigurationIsVisible = 0;
			defaultConfigurationName = Release;
		};
/* End XCConfigurationList section */
	};
	rootObject = 269E42701FEA029900E51AFA /* Project object */;
}
